
Microsoft Visual Studio Solution File, Format Version 12.00
# Visual Studio Version 17
VisualStudioVersion = 17.0.31903.59
MinimumVisualStudioVersion = 10.0.40219.1
Project("{2150E333-8FDC-42A3-9474-1A3956D46DE8}") = "Tools", "Tools", "{07C2787E-EAC7-C090-1BA3-A61EC2A24D84}"
EndProject
Project("{FAE04EC0-301F-11D3-BF4B-00C04F79EFBC}") = "Engine.Client", "Engine.Client\Engine.Client.csproj", "{452DE375-BE98-4C98-91FC-26EDE77EE054}"
EndProject
Project("{FAE04EC0-301F-11D3-BF4B-00C04F79EFBC}") = "Engine.Shared", "Engine.Shared\Engine.Shared.csproj", "{AA60D86D-F15C-481F-B03B-5D05C063FC29}"
EndProject
Project("{FAE04EC0-301F-11D3-BF4B-00C04F79EFBC}") = "Engine.Server", "Engine.Server\Engine.Server.csproj", "{9623AD3F-9547-492C-91D3-BA8C4945C13C}"
EndProject
Global
	GlobalSection(SolutionConfigurationPlatforms) = preSolution
		Debug|Any CPU = Debug|Any CPU
		Debug|x64 = Debug|x64
		Debug|x86 = Debug|x86
		Release|Any CPU = Release|Any CPU
		Release|x64 = Release|x64
		Release|x86 = Release|x86
	EndGlobalSection
	GlobalSection(ProjectConfigurationPlatforms) = postSolution
		{452DE375-BE98-4C98-91FC-26EDE77EE054}.Debug|Any CPU.ActiveCfg = Debug|Any CPU
		{452DE375-BE98-4C98-91FC-26EDE77EE054}.Debug|Any CPU.Build.0 = Debug|Any CPU
		{452DE375-BE98-4C98-91FC-26EDE77EE054}.Debug|x64.ActiveCfg = Debug|Any CPU
		{452DE375-BE98-4C98-91FC-26EDE77EE054}.Debug|x64.Build.0 = Debug|Any CPU
		{452DE375-BE98-4C98-91FC-26EDE77EE054}.Debug|x86.ActiveCfg = Debug|Any CPU
		{452DE375-BE98-4C98-91FC-26EDE77EE054}.Debug|x86.Build.0 = Debug|Any CPU
		{452DE375-BE98-4C98-91FC-26EDE77EE054}.Release|Any CPU.ActiveCfg = Release|Any CPU
		{452DE375-BE98-4C98-91FC-26EDE77EE054}.Release|Any CPU.Build.0 = Release|Any CPU
		{452DE375-BE98-4C98-91FC-26EDE77EE054}.Release|x64.ActiveCfg = Release|Any CPU
		{452DE375-BE98-4C98-91FC-26EDE77EE054}.Release|x64.Build.0 = Release|Any CPU
		{452DE375-BE98-4C98-91FC-26EDE77EE054}.Release|x86.ActiveCfg = Release|Any CPU
		{452DE375-BE98-4C98-91FC-26EDE77EE054}.Release|x86.Build.0 = Release|Any CPU
		{AA60D86D-F15C-481F-B03B-5D05C063FC29}.Debug|Any CPU.ActiveCfg = Debug|Any CPU
		{AA60D86D-F15C-481F-B03B-5D05C063FC29}.Debug|Any CPU.Build.0 = Debug|Any CPU
		{AA60D86D-F15C-481F-B03B-5D05C063FC29}.Debug|x64.ActiveCfg = Debug|Any CPU
		{AA60D86D-F15C-481F-B03B-5D05C063FC29}.Debug|x64.Build.0 = Debug|Any CPU
		{AA60D86D-F15C-481F-B03B-5D05C063FC29}.Debug|x86.ActiveCfg = Debug|Any CPU
		{AA60D86D-F15C-481F-B03B-5D05C063FC29}.Debug|x86.Build.0 = Debug|Any CPU
		{AA60D86D-F15C-481F-B03B-5D05C063FC29}.Release|Any CPU.ActiveCfg = Release|Any CPU
		{AA60D86D-F15C-481F-B03B-5D05C063FC29}.Release|Any CPU.Build.0 = Release|Any CPU
		{AA60D86D-F15C-481F-B03B-5D05C063FC29}.Release|x64.ActiveCfg = Release|Any CPU
		{AA60D86D-F15C-481F-B03B-5D05C063FC29}.Release|x64.Build.0 = Release|Any CPU
		{AA60D86D-F15C-481F-B03B-5D05C063FC29}.Release|x86.ActiveCfg = Release|Any CPU
		{AA60D86D-F15C-481F-B03B-5D05C063FC29}.Release|x86.Build.0 = Release|Any CPU
		{9623AD3F-9547-492C-91D3-BA8C4945C13C}.Debug|Any CPU.ActiveCfg = Debug|Any CPU
		{9623AD3F-9547-492C-91D3-BA8C4945C13C}.Debug|Any CPU.Build.0 = Debug|Any CPU
		{9623AD3F-9547-492C-91D3-BA8C4945C13C}.Debug|x64.ActiveCfg = Debug|Any CPU
		{9623AD3F-9547-492C-91D3-BA8C4945C13C}.Debug|x64.Build.0 = Debug|Any CPU
		{9623AD3F-9547-492C-91D3-BA8C4945C13C}.Debug|x86.ActiveCfg = Debug|Any CPU
		{9623AD3F-9547-492C-91D3-BA8C4945C13C}.Debug|x86.Build.0 = Debug|Any CPU
		{9623AD3F-9547-492C-91D3-BA8C4945C13C}.Release|Any CPU.ActiveCfg = Release|Any CPU
		{9623AD3F-9547-492C-91D3-BA8C4945C13C}.Release|Any CPU.Build.0 = Release|Any CPU
		{9623AD3F-9547-492C-91D3-BA8C4945C13C}.Release|x64.ActiveCfg = Release|Any CPU
		{9623AD3F-9547-492C-91D3-BA8C4945C13C}.Release|x64.Build.0 = Release|Any CPU
		{9623AD3F-9547-492C-91D3-BA8C4945C13C}.Release|x86.ActiveCfg = Release|Any CPU
		{9623AD3F-9547-492C-91D3-BA8C4945C13C}.Release|x86.Build.0 = Release|Any CPU
	EndGlobalSection
	GlobalSection(SolutionProperties) = preSolution
		HideSolutionNode = FALSE
	EndGlobalSection
	GlobalSection(ExtensibilityGlobals) = postSolution
		SolutionGuid = {9CCE42B8-5B3B-406C-9D95-7851043BD916}
	EndGlobalSection
EndGlobal
